{
  "version": 1,
  "dependencies": {
    "net10.0": {
      "AwesomeAssertions": {
        "type": "Direct",
        "requested": "[9.4.0, )",
        "resolved": "9.4.0",
        "contentHash": "dJxkWiQ8D+xT6Gr2sSL83+Mar+Vpy2JTcUPxFcckpPJ8VYBfSgnk+zqpS6t7kcGnjz8NLyF14qfuoL4bKzzoew=="
      },
      "coverlet.collector": {
        "type": "Direct",
        "requested": "[10.0.1, )",
        "resolved": "10.0.1",
        "contentHash": "27jXSV/0DbVqF5jDrAxuQFZ9oaz6gmG03p8ttxAFk+X0M4woFYj7MoWDLCna5EGLb0CE6OE7X6ZH3Wt5smTtaA=="
      },
      "GitHubActionsTestLogger": {
        "type": "Direct",
        "requested": "[3.0.4, )",
        "resolved": "3.0.4",
        "contentHash": "24fDBf5g5KuyeK9OIu4z0zIkOu6DE3JCmRP+NyNGL3PVmd2Yls8sR8dC1/j34t2tZQS/0arQs7GZTmwWYk4qbQ=="
      },
      "Microsoft.AspNetCore.Mvc.Testing": {
        "type": "Direct",
        "requested": "[10.0.9, )",
        "resolved": "10.0.9",
        "contentHash": "Mt+5CtYz+xmog1S1TJt2owVKU8YquZtNy9bmO+kfrrtjEDZPzCw1qZ7o97PLpIEpt3yy4F5YdAUh9nKPm0CX5Q==",
        "dependencies": {
          "Microsoft.AspNetCore.TestHost": "10.0.9",
          "Microsoft.Extensions.DependencyModel": "10.0.9"
        }
      },
      "Microsoft.NET.Test.Sdk": {
        "type": "Direct",
        "requested": "[18.6.0, )",
        "resolved": "18.6.0",
        "contentHash": "kAIBt0MsYR0o2RULmlW5BhQ1ha50aGEgLKG4f1p0kePBGLJCprqs3S+NxRrYN8UH7mSQRPKpeiH9mwPMEKUObQ==",
        "dependencies": {
          "Microsoft.CodeCoverage": "18.6.0",
          "Microsoft.TestPlatform.TestHost": "18.6.0"
        }
      },
      "Moq": {
        "type": "Direct",
        "requested": "[4.20.72, )",
        "resolved": "4.20.72",
        "contentHash": "EA55cjyNn8eTNWrgrdZJH5QLFp2L43oxl1tlkoYUKIE9pRwL784OWiTXeCV5ApS+AMYEAlt7Fo03A2XfouvHmQ==",
        "dependencies": {
          "Castle.Core": "5.1.1"
        }
      },
      "Testcontainers.PostgreSql": {
        "type": "Direct",
        "requested": "[4.12.0, )",
        "resolved": "4.12.0",
        "contentHash": "LZcQu4vfcYuzzy2ENOb7giFb6WNztEEJbufsm7kGiQxjallVuzkWxrBL8LwnjlXGW939pgEZFstL5cO0R2XrBQ==",
        "dependencies": {
          "Testcontainers": "4.12.0"
        }
      },
      "xunit": {
        "type": "Direct",
        "requested": "[2.9.3, )",
        "resolved": "2.9.3",
        "contentHash": "TlXQBinK35LpOPKHAqbLY4xlEen9TBafjs0V5KnA4wZsoQLQJiirCR4CbIXvOH8NzkW4YeJKP5P/Bnrodm0h9Q==",
        "dependencies": {
          "xunit.analyzers": "1.18.0",
          "xunit.assert": "2.9.3",
          "xunit.core": "[2.9.3]"
        }
      },
      "xunit.runner.visualstudio": {
        "type": "Direct",
        "requested": "[3.1.5, )",
        "resolved": "3.1.5",
        "contentHash": "tKi7dSTwP4m5m9eXPM2Ime4Kn7xNf4x4zT9sdLO/G4hZVnQCRiMTWoSZqI/pYTVeI27oPPqHBKYI/DjJ9GsYgA=="
      },
      "Bogus": {
        "type": "Transitive",
        "resolved": "35.6.5",
        "contentHash": "2FGZn+aAVHjmCgClgmGkTDBVZk0zkLvAKGaxEf5JL6b3i9JbHTE4wnuY4vHCuzlCmJdU6VZjgDfHwmYkQF8VAA=="
      },
      "BouncyCastle.Cryptography": {
        "type": "Transitive",
        "resolved": "2.6.2",
        "contentHash": "7oWOcvnntmMKNzDLsdxAYqApt+AjpRpP2CShjMfIa3umZ42UQMvH0tl1qAliYPNYO6vTdcGMqnRrCPmsfzTI1w=="
      },
      "Castle.Core": {
        "type": "Transitive",
        "resolved": "5.1.1",
        "contentHash": "rpYtIczkzGpf+EkZgDr9CClTdemhsrwA/W5hMoPjLkRFnXzH44zDLoovXeKtmxb1ykXK9aJVODSpiJml8CTw2g=="
      },
      "CommandLineParser": {
        "type": "Transitive",
        "resolved": "2.9.1",
        "contentHash": "OE0sl1/sQ37bjVsPKKtwQlWDgqaxWgtme3xZz7JssWUzg5JpMIyHgCTY9MVMxOg48fJ1AgGT3tgdH5m/kQ5xhA=="
      },
      "CsvHelper": {
        "type": "Transitive",
        "resolved": "33.1.0",
        "contentHash": "kqfTOZGrn7NarNeXgjh86JcpTHUoeQDMB8t9NVa/ZtlSYiV1rxfRnQ49WaJsob4AiGrbK0XDzpyKkBwai4F8eg=="
      },
      "dbup-core": {
        "type": "Transitive",
        "resolved": "6.1.1",
        "contentHash": "kgpuyJVEFJHoIj/slnc994Go88aoeZqNDfGHDBr4sh7CsEWwJhOTCt/FJqO4ziUImL5L0NEY0kxxOiNgPKI2Fw=="
      },
      "dbup-postgresql": {
        "type": "Transitive",
        "resolved": "7.0.1",
        "contentHash": "mRnmENWWPuuMZ538gOd1mZnzucx6FQk0anmw3EABjGfcbp24FDb9QdGepYrDiaM8K9s5/gd49+5cmBOlniH/lg==",
        "dependencies": {
          "Npgsql": "10.0.1",
          "dbup-core": "6.1.1"
        }
      },
      "Docker.DotNet.Enhanced": {
        "type": "Transitive",
        "resolved": "4.2.0",
        "contentHash": "tm2V/DpnaURbBhMQ7Z3orNR3u+H863KQuYfA/sgGjI5py07dEeV0I02f6pGrx2869KG9uNM/E96puf9i0gId2w==",
        "dependencies": {
          "Docker.DotNet.Enhanced.Handler.Abstractions": "4.2.0",
          "Docker.DotNet.Enhanced.LegacyHttp": "4.2.0",
          "Docker.DotNet.Enhanced.NPipe": "4.2.0",
          "Docker.DotNet.Enhanced.NativeHttp": "4.2.0",
          "Docker.DotNet.Enhanced.Unix": "4.2.0"
        }
      },
      "Docker.DotNet.Enhanced.Handler.Abstractions": {
        "type": "Transitive",
        "resolved": "4.2.0",
        "contentHash": "cQNxpdadEPdNdfjFCl9vgoCQIK3aVHRn1Qlu36aZUFpp4xHfPrk4hRPNVLR/CpobIFJ+dAt8AceTKMlCfPSccw=="
      },
      "Docker.DotNet.Enhanced.LegacyHttp": {
        "type": "Transitive",
        "resolved": "4.2.0",
        "contentHash": "sfbMX1HBPUec3PEMoqlP5ak6skXclcTBmu4gG3aUJatP34J2DgvYMP13bvz/rfrjVkAhPqnIiDKiHAkBCokajg==",
        "dependencies": {
          "Docker.DotNet.Enhanced.Handler.Abstractions": "4.2.0"
        }
      },
      "Docker.DotNet.Enhanced.NativeHttp": {
        "type": "Transitive",
        "resolved": "4.2.0",
        "contentHash": "/ll+2ePYm1qrsMdgMO5BzCQnbfTGmPJAc9SqXEManbliVBZvEpBKHXLugx/OeEca2oC/b4RV+UNPtue5u4jAuA==",
        "dependencies": {
          "Docker.DotNet.Enhanced.Handler.Abstractions": "4.2.0"
        }
      },
      "Docker.DotNet.Enhanced.NPipe": {
        "type": "Transitive",
        "resolved": "4.2.0",
        "contentHash": "8wyYOD6VkvqRkITwsvkt3UbW/1WDl6NFypNAsIIDaMiglNRzFrQcK0nK9VUEZa6Oja8Bso3UYySDoL8qatatAA==",
        "dependencies": {
          "Docker.DotNet.Enhanced.Handler.Abstractions": "4.2.0"
        }
      },
      "Docker.DotNet.Enhanced.Unix": {
        "type": "Transitive",
        "resolved": "4.2.0",
        "contentHash": "x0wNcbww1+p9nUfw8i+JvsSArBDGkoZ9GI2PZ1wPo85B2OiFrdzp89omounNhO2GKyaIRWAqAm5jYZyNg9EnxA==",
        "dependencies": {
          "Docker.DotNet.Enhanced.Handler.Abstractions": "4.2.0"
        }
      },
      "Docker.DotNet.Enhanced.X509": {
        "type": "Transitive",
        "resolved": "4.2.0",
        "contentHash": "nMw+FHGwGZieDi7kBgpIVl+E8MzjzXeXHvMQpidLADT06fts2Gw6G+K+p0hMGv7liZULxyYiZnQ1UbE2B9NNQg==",
        "dependencies": {
          "Docker.DotNet.Enhanced.Handler.Abstractions": "4.2.0"
        }
      },
      "FluentValidation": {
        "type": "Transitive",
        "resolved": "12.1.1",
        "contentHash": "EPpkIe1yh1a0OXyC100oOA8WMbZvqUu5plwhvYcb7oSELfyUZzfxV48BLhvs3kKo4NwG7MGLNgy1RJiYtT8Dpw=="
      },
      "FluentValidation.DependencyInjectionExtensions": {
        "type": "Transitive",
        "resolved": "12.1.1",
        "contentHash": "D0VXh4dtjjX2aQizuaa0g6R8X3U1JaVqJPfGCvLwZX9t/O2h7tkpbitbadQMfwcgSPdDbI2vDxuwRMv/Uf9dHA==",
        "dependencies": {
          "FluentValidation": "12.1.1"
        }
      },
      "FSharp.Core": {
        "type": "Transitive",
        "resolved": "10.1.300",
        "contentHash": "BACHDBo/KL615GifW2wGB8vw3HLraCJb77VN/XVmQZPceNw+Oc+J+McehOo2yHtcr7hABmW4EqZZzVYiR1Z1EQ=="
      },
      "Google.OrTools": {
        "type": "Transitive",
        "resolved": "9.15.6755",
        "contentHash": "sbPJ7CUwJb3ppbjASJVfdHC0+a7LTTMX1v8J5nERYdcLKkFUZSM3MB/Ck13VsmuWeP0LuE3C4U3WLHH49LHRMQ==",
        "dependencies": {
          "Google.OrTools.runtime.linux-arm64": "9.15.6755",
          "Google.OrTools.runtime.linux-x64": "9.15.6755",
          "Google.OrTools.runtime.osx-arm64": "9.15.6755",
          "Google.OrTools.runtime.osx-x64": "9.15.6755",
          "Google.OrTools.runtime.win-x64": "9.15.6755",
          "Google.Protobuf": "3.33.1"
        }
      },
      "Google.OrTools.runtime.linux-arm64": {
        "type": "Transitive",
        "resolved": "9.15.6755",
        "contentHash": "7YaKuI4q1uU9ibelXXawY7zx/5hQ1vMBKLFFK6kQRgO082wMlHx6NmfMaTFZA94b4D4xbFaA7TGAehoEbWciEg=="
      },
      "Google.OrTools.runtime.linux-x64": {
        "type": "Transitive",
        "resolved": "9.15.6755",
        "contentHash": "RupvZKKPXdUCWXdGFo8COXcp4YiQIjS5Bhlh9bVRWZqB1RjtVGQFscEwtN6wTZEjUjb49sE0lNo784W/LjQFHg=="
      },
      "Google.OrTools.runtime.osx-arm64": {
        "type": "Transitive",
        "resolved": "9.15.6755",
        "contentHash": "WJw1KPoOi3BWmf6sqCMi8kDmjifuA6Bw/UC6He7jnHRFIixtLZ1wCSIiG4droej7HQI1PiNVTRb82udw9ilS7g=="
      },
      "Google.OrTools.runtime.osx-x64": {
        "type": "Transitive",
        "resolved": "9.15.6755",
        "contentHash": "f0oTHbcoM2hBRyUVWvIR8cH2m5CibAZezK3mrPXNmoXKDjgoJhmheeovgajXu6/ax1RW7529m8yS6eHkmaZCOA=="
      },
      "Google.OrTools.runtime.win-x64": {
        "type": "Transitive",
        "resolved": "9.15.6755",
        "contentHash": "Tox7pDhrVIfG7OdV7ISikiO5coioZ0FgtyK/H8cayzito4r512Oly/yi19TXjuqK8pKHD6BJOR0fY0aEkb3Nuw=="
      },
      "Google.Protobuf": {
        "type": "Transitive",
        "resolved": "3.33.1",
        "contentHash": "RztiFmX9aOWDwfhxFzx/nS4fjs4DX7ZC7/XBEBl56k15lPGBftvbSwZkeo1mMCJHrNp1kK5iQYrFXB4MqCmBCA=="
      },
      "MailKit": {
        "type": "Transitive",
        "resolved": "4.17.0",
        "contentHash": "1nUAVLxM9fhT/78we6/AGsCesnpn5dRNLLeRqOfr52Wnk87pzVwo5YMTMyqnmoXrYc7piGhmayiMA/OgDluIjg==",
        "dependencies": {
          "MimeKit": "4.17.0"
        }
      },
      "Microsoft.AspNetCore.Authentication.JwtBearer": {
        "type": "Transitive",
        "resolved": "10.0.9",
        "contentHash": "Hs5NDsGm8YicDDNx5RoBIT+H2AB9R27MvZ2gHoupTiHr+nnH3VxzY7DcmlbJ3b5DvvOhK35lWt/9Odtrq9sjtA==",
        "dependencies": {
          "Microsoft.IdentityModel.Protocols.OpenIdConnect": "8.0.1"
        }
      },
      "Microsoft.AspNetCore.DataProtection.StackExchangeRedis": {
        "type": "Transitive",
        "resolved": "10.0.9",
        "contentHash": "pfD7OIaDAUwPy5uITVnkTfQID0iIr2YAgltY/VBnwefu9gH3J8bTjRW/vzm38mlSlT9vo6KWRL6qoqSKBUBAjA==",
        "dependencies": {
          "StackExchange.Redis": "2.7.27"
        }
      },
      "Microsoft.AspNetCore.TestHost": {
        "type": "Transitive",
        "resolved": "10.0.9",
        "contentHash": "mR4y30XFsVbn7EwV3Ic5/KMBO5QGwukTJE2ztGmpAST5ACX+Z+9r+Y6D1eibJojsOIW5KHpM4myo9/aRALJOyg=="
      },
      "Microsoft.CodeCoverage": {
        "type": "Transitive",
        "resolved": "18.6.0",
        "contentHash": "bkmCXn/65Cd0LdO2zTb/ValGAJ1H8y/CgYOiBb3jsDyHI3Y1ljKx6RBvhvn3e5D/4R4I00RRwLf+Bd2Sn6bJjA=="
      },
      "Microsoft.Extensions.ApiDescription.Server": {
        "type": "Transitive",
        "resolved": "10.0.0",
        "contentHash": "NCWCGiwRwje8773yzPQhvucYnnfeR+ZoB1VRIrIMp4uaeUNw7jvEPHij3HIbwCDuNCrNcphA00KSAR9yD9qmbg=="
      },
      "Microsoft.Extensions.DependencyModel": {
        "type": "Transitive",
        "resolved": "10.0.9",
        "contentHash": "SCDTQ6HubnRvTUjR7dgMKHZvNoCb03t44ttHL8trlFTGgfDteWn/0nRdOxDhcI+lTWhKgd/flCVJEtAOPhSLNg=="
      },
      "Microsoft.IdentityModel.Abstractions": {
        "type": "Transitive",
        "resolved": "8.0.1",
        "contentHash": "OtlIWcyX01olfdevPKZdIPfBEvbcioDyBiE/Z2lHsopsMD7twcKtlN9kMevHmI5IIPhFpfwCIiR6qHQz1WHUIw=="
      },
      "Microsoft.IdentityModel.JsonWebTokens": {
        "type": "Transitive",
        "resolved": "8.0.1",
        "contentHash": "s6++gF9x0rQApQzOBbSyp4jUaAlwm+DroKfL8gdOHxs83k8SJfUXhuc46rDB3rNXBQ1MVRxqKUrqFhO/M0E97g==",
        "dependencies": {
          "Microsoft.IdentityModel.Tokens": "8.0.1"
        }
      },
      "Microsoft.IdentityModel.Logging": {
        "type": "Transitive",
        "resolved": "8.0.1",
        "contentHash": "UCPF2exZqBXe7v/6sGNiM6zCQOUXXQ9+v5VTb9gPB8ZSUPnX53BxlN78v2jsbIvK9Dq4GovQxo23x8JgWvm/Qg==",
        "dependencies": {
          "Microsoft.IdentityModel.Abstractions": "8.0.1"
        }
      },
      "Microsoft.IdentityModel.Protocols": {
        "type": "Transitive",
        "resolved": "8.0.1",
        "contentHash": "uA2vpKqU3I2mBBEaeJAWPTjT9v1TZrGWKdgK6G5qJd03CLx83kdiqO9cmiK8/n1erkHzFBwU/RphP83aAe3i3g==",
        "dependencies": {
          "Microsoft.IdentityModel.Tokens": "8.0.1"
        }
      },
      "Microsoft.IdentityModel.Protocols.OpenIdConnect": {
        "type": "Transitive",
        "resolved": "8.0.1",
        "contentHash": "AQDbfpL+yzuuGhO/mQhKNsp44pm5Jv8/BI4KiFXR7beVGZoSH35zMV3PrmcfvSTsyI6qrcR898NzUauD6SRigg==",
        "dependencies": {
          "Microsoft.IdentityModel.Protocols": "8.0.1",
          "System.IdentityModel.Tokens.Jwt": "8.0.1"
        }
      },
      "Microsoft.IdentityModel.Tokens": {
        "type": "Transitive",
        "resolved": "8.0.1",
        "contentHash": "kDimB6Dkd3nkW2oZPDkMkVHfQt3IDqO5gL0oa8WVy3OP4uE8Ij+8TXnqg9TOd9ufjsY3IDiGz7pCUbnfL18tjg==",
        "dependencies": {
          "Microsoft.IdentityModel.Logging": "8.0.1"
        }
      },
      "Microsoft.OpenApi": {
        "type": "Transitive",
        "resolved": "2.7.5",
        "contentHash": "0FA67RSnRM4tcBKqiqVu/HPdZ9+QOKbmeRjxRUGTCjPU4C0bmUhd97Dso7Yild5P7nOV6GxJ2xrK0Kv/O9xp0w=="
      },
      "Microsoft.TestPlatform.ObjectModel": {
        "type": "Transitive",
        "resolved": "18.6.0",
        "contentHash": "gQTW4BIfM2ZLxixo9ITXoulLKjn20FiiHtqTsx9PENqTrX7368ZeJ5L0QZJyReXDWORPRV8jXwZR6Aar8JOyaA=="
      },
      "Microsoft.TestPlatform.TestHost": {
        "type": "Transitive",
        "resolved": "18.6.0",
        "contentHash": "em1eLz5Q46+hsCtAXdXggWAPd9gQyT4ngdsQ7k1eWvQgpsjtS/wAOJ/5TteieFdiAvrEq1iVn00LtusAxRaVmQ==",
        "dependencies": {
          "Microsoft.TestPlatform.ObjectModel": "18.6.0",
          "Newtonsoft.Json": "13.0.3"
        }
      },
      "MimeKit": {
        "type": "Transitive",
        "resolved": "4.17.0",
        "contentHash": "h/KXsCreJf8RpR/PSAtlbvYtZFndp9N8Wn1Bs248AL7ITyhn+AiIY5bLTvt60tbN2mu6g8KadtBNWygTji2lqg==",
        "dependencies": {
          "BouncyCastle.Cryptography": "2.6.2",
          "System.Security.Cryptography.Pkcs": "10.0.0"
        }
      },
      "Newtonsoft.Json": {
        "type": "Transitive",
        "resolved": "13.0.3",
        "contentHash": "HrC5BXdl00IP9zeV+0Z848QWPAoCr9P3bDEZguI+gkLcBKAOxix/tLEAAHC+UvDNPv4a2d18lOReHMOagPa+zQ=="
      },
      "Npgsql": {
        "type": "Transitive",
        "resolved": "10.0.3",
        "contentHash": "7nb5YzXuvWWJxB0J8DiyL3we+X4FOctZrt0fIBnucOIaIevFEEwGQVZKtiu9olXdlNAK1eNgqSral6r/jlhI4w=="
      },
      "RESPite": {
        "type": "Transitive",
        "resolved": "3.0.0",
        "contentHash": "RLUe1U5VzdY0gZxXIFAWy8YS6ChUPpcnQkdMg5KkITaSO4YkVdK4Vvq0zsmXeqx/q5rhaIjCUgxnKH4j+6r/RA=="
      },
      "Serilog": {
        "type": "Transitive",
        "resolved": "4.3.1",
        "contentHash": "savYe7h5yRlkqBVOwP8cIRDOdqKiPmYCU4W87JH38sBmcKD5EBoXvQIw6bNEvZ/pTe1gsiye3VFCzBsoppGkXQ=="
      },
      "Serilog.AspNetCore": {
        "type": "Transitive",
        "resolved": "10.0.0",
        "contentHash": "a/cNa1mY4On1oJlfGG1wAvxjp5g7OEzk/Jf/nm7NF9cWoE7KlZw1GldrifUBWm9oKibHkR7Lg/l5jy3y7ACR8w==",
        "dependencies": {
          "Serilog": "4.3.0",
          "Serilog.Extensions.Hosting": "10.0.0",
          "Serilog.Formatting.Compact": "3.0.0",
          "Serilog.Settings.Configuration": "10.0.0",
          "Serilog.Sinks.Console": "6.1.1",
          "Serilog.Sinks.Debug": "3.0.0",
          "Serilog.Sinks.File": "7.0.0"
        }
      },
      "Serilog.Extensions.Hosting": {
        "type": "Transitive",
        "resolved": "10.0.0",
        "contentHash": "E7juuIc+gzoGxgzFooFgAV8g9BfiSXNKsUok9NmEpyAXg2odkcPsMa/Yo4axkJRlh0se7mkYQ1GXDaBemR+b6w==",
        "dependencies": {
          "Serilog": "4.3.0",
          "Serilog.Extensions.Logging": "10.0.0"
        }
      },
      "Serilog.Extensions.Logging": {
        "type": "Transitive",
        "resolved": "10.0.0",
        "contentHash": "vx0kABKl2dWbBhhqAfTOk53/i8aV/5VaT3a6il9gn72Wqs2pM7EK2OB6No6xdqK2IaY6Zf9gdjLuK9BVa2rT+Q==",
        "dependencies": {
          "Serilog": "4.2.0"
        }
      },
      "Serilog.Formatting.Compact": {
        "type": "Transitive",
        "resolved": "3.0.0",
        "contentHash": "wQsv14w9cqlfB5FX2MZpNsTawckN4a8dryuNGbebB/3Nh1pXnROHZov3swtu3Nj5oNG7Ba+xdu7Et/ulAUPanQ==",
        "dependencies": {
          "Serilog": "4.0.0"
        }
      },
      "Serilog.Settings.Configuration": {
        "type": "Transitive",
        "resolved": "10.0.0",
        "contentHash": "LNq+ibS1sbhTqPV1FIE69/9AJJbfaOhnaqkzcjFy95o+4U+STsta9mi97f1smgXsWYKICDeGUf8xUGzd/52/uA==",
        "dependencies": {
          "Microsoft.Extensions.DependencyModel": "10.0.0",
          "Serilog": "4.3.0"
        }
      },
      "Serilog.Sinks.Console": {
        "type": "Transitive",
        "resolved": "6.1.1",
        "contentHash": "8jbqgjUyZlfCuSTaJk6lOca465OndqOz3KZP6Cryt/IqZYybyBu7GP0fE/AXBzrrQB3EBmQntBFAvMVz1COvAA==",
        "dependencies": {
          "Serilog": "4.0.0"
        }
      },
      "Serilog.Sinks.Debug": {
        "type": "Transitive",
        "resolved": "3.0.0",
        "contentHash": "4BzXcdrgRX7wde9PmHuYd9U6YqycCC28hhpKonK7hx0wb19eiuRj16fPcPSVp0o/Y1ipJuNLYQ00R3q2Zs8FDA==",
        "dependencies": {
          "Serilog": "4.0.0"
        }
      },
      "Serilog.Sinks.File": {
        "type": "Transitive",
        "resolved": "7.0.0",
        "contentHash": "fKL7mXv7qaiNBUC71ssvn/dU0k9t0o45+qm2XgKAlSt19xF+ijjxyA3R6HmCgfKEKwfcfkwWjayuQtRueZFkYw==",
        "dependencies": {
          "Serilog": "4.2.0"
        }
      },
      "Serilog.Sinks.Grafana.Loki": {
        "type": "Transitive",
        "resolved": "9.0.0",
        "contentHash": "l2Ko8Z+0VaChnc1gEeiGwz1OIphLTMI1G6zXDQtWWEhSGdvxjkZsZY+jTLeOvRJDiMow4L27AOY3c6+NqyuuFw==",
        "dependencies": {
          "FSharp.Core": "10.1.300",
          "Serilog": "4.3.1"
        }
      },
      "SharpZipLib": {
        "type": "Transitive",
        "resolved": "1.4.2",
        "contentHash": "yjj+3zgz8zgXpiiC3ZdF/iyTBbz2fFvMxZFEBPUcwZjIvXOf37Ylm+K58hqMfIBt5JgU/Z2uoUS67JmTLe973A=="
      },
      "SSH.NET": {
        "type": "Transitive",
        "resolved": "2025.1.0",
        "contentHash": "jrnbtf0ItVaXAe6jE8X/kSLa6uC+0C+7W1vepcnRQB/rD88qy4IxG7Lf1FIbWmkoc4iVXv0pKrz+Wc6J4ngmHw==",
        "dependencies": {
          "BouncyCastle.Cryptography": "2.6.2"
        }
      },
      "StackExchange.Redis": {
        "type": "Transitive",
        "resolved": "3.0.0",
        "contentHash": "New/RKMZmVYFhkiS0eegY1YUnFlspcZUhoerUNLiA96rZxgTNhNc07go1CgIjU9JArdLXB4oB4PQvD0y350Aaw==",
        "dependencies": {
          "RESPite": "3.0.0",
          "System.IO.Hashing": "10.0.5"
        }
      },
      "Swashbuckle.AspNetCore": {
        "type": "Transitive",
        "resolved": "10.2.1",
        "contentHash": "SDU6akgCV/H4jFMRfyJ0mgO5jWOuuAqekvEThXg8c/LjnfNz5Nkaz+RUpeTVJKWIRX4wDKC/6R3ogJ4AsRE32A==",
        "dependencies": {
          "Microsoft.Extensions.ApiDescription.Server": "10.0.0",
          "Swashbuckle.AspNetCore.Swagger": "10.2.1",
          "Swashbuckle.AspNetCore.SwaggerGen": "10.2.1",
          "Swashbuckle.AspNetCore.SwaggerUI": "10.2.1"
        }
      },
      "Swashbuckle.AspNetCore.Swagger": {
        "type": "Transitive",
        "resolved": "10.2.1",
        "contentHash": "ej4inPhiWCq+0utG8yaKhIhE8M3k3R/qRaGhpgDZB+O/s+o62/zRMO1Cn2CtQccsrqPE9PYnzCp6hQGYGpJOyQ==",
        "dependencies": {
          "Microsoft.OpenApi": "2.7.5"
        }
      },
      "Swashbuckle.AspNetCore.SwaggerGen": {
        "type": "Transitive",
        "resolved": "10.2.1",
        "contentHash": "JYX6i/y0xEtQWH/hZyfcage1/ldwww83ueD/gBc34uSnMwyvRLUsOpYcxlliFFxFbZMrY6t+R9ENqolE7zTEOg==",
        "dependencies": {
          "Swashbuckle.AspNetCore.Swagger": "10.2.1"
        }
      },
      "Swashbuckle.AspNetCore.SwaggerUI": {
        "type": "Transitive",
        "resolved": "10.2.1",
        "contentHash": "vzB8ZAGqXus3fdareJ9GHctaRP9ZL+wW9x8U7s1Y+BWprInFvSg6rpD9VhANNpwXA8fUHqu5Agjl/+hHG1BCQA=="
      },
      "System.IdentityModel.Tokens.Jwt": {
        "type": "Transitive",
        "resolved": "8.0.1",
        "contentHash": "GJw3bYkWpOgvN3tJo5X4lYUeIFA2HD293FPUhKmp7qxS+g5ywAb34Dnd3cDAFLkcMohy5XTpoaZ4uAHuw0uSPQ==",
        "dependencies": {
          "Microsoft.IdentityModel.JsonWebTokens": "8.0.1",
          "Microsoft.IdentityModel.Tokens": "8.0.1"
        }
      },
      "System.IO.Hashing": {
        "type": "Transitive",
        "resolved": "10.0.5",
        "contentHash": "8IBJWcCT9+e4Bmevm4T7+fQEiAh133KGiz4oiVTgJckd3Q76OFdR1falgn9lpz7+C4HJvogCDJeAa2QmvbeVtg=="
      },
      "System.Security.Cryptography.Pkcs": {
        "type": "Transitive",
        "resolved": "10.0.0",
        "contentHash": "UPWqLSygJlFerRi9XNIuM0a1VC8gHUIufyP24xQ0sc+XimqUAEcjpOz9DhKpyDjH+5B/wO3RpC0KpkEeDj/ddg=="
      },
      "Testcontainers": {
        "type": "Transitive",
        "resolved": "4.12.0",
        "contentHash": "PTZRdG1ZVkFMsFbc3cK/VUaOB5L3l4wYL+OkWAK33/cvgd/5FcmZlQ6NhMAl3PWBqYkpdWmeYmQW9U2OIXqtFA==",
        "dependencies": {
          "Docker.DotNet.Enhanced": "4.2.0",
          "Docker.DotNet.Enhanced.X509": "4.2.0",
          "SSH.NET": "2025.1.0",
          "SharpZipLib": "1.4.2"
        }
      },
      "xunit.abstractions": {
        "type": "Transitive",
        "resolved": "2.0.3",
        "contentHash": "pot1I4YOxlWjIb5jmwvvQNbTrZ3lJQ+jUGkGjWE3hEFM0l5gOnBWS+H3qsex68s5cO52g+44vpGzhAt+42vwKg=="
      },
      "xunit.analyzers": {
        "type": "Transitive",
        "resolved": "1.18.0",
        "contentHash": "OtFMHN8yqIcYP9wcVIgJrq01AfTxijjAqVDy/WeQVSyrDC1RzBWeQPztL49DN2syXRah8TYnfvk035s7L95EZQ=="
      },
      "xunit.assert": {
        "type": "Transitive",
        "resolved": "2.9.3",
        "contentHash": "/Kq28fCE7MjOV42YLVRAJzRF0WmEqsmflm0cfpMjGtzQ2lR5mYVj1/i0Y8uDAOLczkL3/jArrwehfMD0YogMAA=="
      },
      "xunit.core": {
        "type": "Transitive",
        "resolved": "2.9.3",
        "contentHash": "BiAEvqGvyme19wE0wTKdADH+NloYqikiU0mcnmiNyXaF9HyHmE6sr/3DC5vnBkgsWaE6yPyWszKSPSApWdRVeQ==",
        "dependencies": {
          "xunit.extensibility.core": "[2.9.3]",
          "xunit.extensibility.execution": "[2.9.3]"
        }
      },
      "xunit.extensibility.core": {
        "type": "Transitive",
        "resolved": "2.9.3",
        "contentHash": "kf3si0YTn2a8J8eZNb+zFpwfoyvIrQ7ivNk5ZYA5yuYk1bEtMe4DxJ2CF/qsRgmEnDr7MnW1mxylBaHTZ4qErA==",
        "dependencies": {
          "xunit.abstractions": "2.0.3"
        }
      },
      "xunit.extensibility.execution": {
        "type": "Transitive",
        "resolved": "2.9.3",
        "contentHash": "yMb6vMESlSrE3Wfj7V6cjQ3S4TXdXpRqYeNEI3zsX31uTsGMJjEw6oD5F5u1cHnMptjhEECnmZSsPxB6ChZHDQ==",
        "dependencies": {
          "xunit.extensibility.core": "[2.9.3]"
        }
      },
      "orkyo.foundation.core": {
        "type": "Project",
        "dependencies": {
          "FluentValidation": "[12.*, )",
          "FluentValidation.DependencyInjectionExtensions": "[12.*, )",
          "Google.OrTools": "[9.*, )",
          "MailKit": "[4.17.0, )",
          "Npgsql": "[10.0.3, )",
          "Orkyo.Shared": "[0.1.0, )",
          "StackExchange.Redis": "[3.0.0, )"
        }
      },
      "orkyo.foundation.migrations": {
        "type": "Project",
        "dependencies": {
          "Orkyo.Migration.Abstractions": "[0.1.0, )",
          "Orkyo.Migrator": "[0.1.0, )"
        }
      },
      "orkyo.foundation.seed": {
        "type": "Project",
        "dependencies": {
          "Bogus": "[35.*, )",
          "CommandLineParser": "[2.9.*, )",
          "Npgsql": "[10.0.3, )"
        }
      },
      "orkyo.foundation.web": {
        "type": "Project",
        "dependencies": {
          "CsvHelper": "[33.1.0, )",
          "Microsoft.AspNetCore.Authentication.JwtBearer": "[10.0.9, )",
          "Microsoft.AspNetCore.DataProtection.StackExchangeRedis": "[10.0.9, )",
          "Orkyo.Foundation.Core": "[0.1.0, )",
          "Serilog.AspNetCore": "[10.0.0, )",
          "Serilog.Sinks.Grafana.Loki": "[9.0.0, )",
          "Swashbuckle.AspNetCore": "[10.2.1, )"
        }
      },
      "orkyo.migration.abstractions": {
        "type": "Project"
      },
      "orkyo.migrator": {
        "type": "Project",
        "dependencies": {
          "Npgsql": "[10.0.3, )",
          "Orkyo.Migration.Abstractions": "[0.1.0, )",
          "dbup-core": "[6.1.1, )",
          "dbup-postgresql": "[7.0.1, )"
        }
      },
      "orkyo.shared": {
        "type": "Project"
      }
    }
  }
}