{
  "version": 1,
  "dependencies": {
    "net10.0": {
      "FluentValidation": {
        "type": "Direct",
        "requested": "[11.*, )",
        "resolved": "11.12.0",
        "contentHash": "Wim3rI1nGZKO5S/lgJ0ZpD3W/uu1CECoJ8pETzC8av34ejr+jCDr4paKhSJRG0Ltcv8UjdxtYCynG+RUEfEUDA=="
      },
      "Google.OrTools": {
        "type": "Direct",
        "requested": "[9.*, )",
        "resolved": "9.15.6755",
        "contentHash": "sbPJ7CUwJb3ppbjASJVfdHC0+a7LTTMX1v8J5nERYdcLKkFUZSM3MB/Ck13VsmuWeP0LuE3C4U3WLHH49LHRMQ==",
        "dependencies": {
          "Google.OrTools.runtime.linux-arm64": "9.15.6755",
          "Google.OrTools.runtime.linux-x64": "9.15.6755",
          "Google.OrTools.runtime.osx-arm64": "9.15.6755",
          "Google.OrTools.runtime.osx-x64": "9.15.6755",
          "Google.OrTools.runtime.win-x64": "9.15.6755",
          "Google.Protobuf": "3.33.1"
        }
      },
      "MailKit": {
        "type": "Direct",
        "requested": "[4.16.0, )",
        "resolved": "4.16.0",
        "contentHash": "trJ82DOpAmo8i1jO1vNE+dGn4mPRyeYfy4swRcAGgMJhPoI1Kohf4OFJJf0+YIj4iUxgxPn8W+ht7e7KiYzSjg==",
        "dependencies": {
          "MimeKit": "4.16.0"
        }
      },
      "Microsoft.AspNetCore.Authentication.JwtBearer": {
        "type": "Direct",
        "requested": "[10.0.0, )",
        "resolved": "10.0.0",
        "contentHash": "0BgDfT1GoZnzjJOBwx5vFMK5JtqsTEas9pCEwd1/KKxNUAqFmreN60WeUoF+CsmSd9tOQuqWedvdBo/QqHuNTQ==",
        "dependencies": {
          "Microsoft.IdentityModel.Protocols.OpenIdConnect": "8.0.1"
        }
      },
      "Npgsql": {
        "type": "Direct",
        "requested": "[8.0.5, )",
        "resolved": "8.0.5",
        "contentHash": "zRG5V8cyeZLpzJlKzFKjEwkRMYIYnHWJvEor2lWXeccS2E1G2nIWYYhnukB51iz5XsWSVEtqg3AxTWM0QJ6vfg=="
      },
      "SixLabors.ImageSharp": {
        "type": "Direct",
        "requested": "[3.1.12, )",
        "resolved": "3.1.12",
        "contentHash": "iAg6zifihXEFS/t7fiHhZBGAdCp3FavsF4i2ZIDp0JfeYeDVzvmlbY1CNhhIKimaIzrzSi5M/NBFcWvZT2rB/A=="
      },
      "StackExchange.Redis": {
        "type": "Direct",
        "requested": "[2.8.16, )",
        "resolved": "2.8.16",
        "contentHash": "WaoulkOqOC9jHepca3JZKFTqndCWab5uYS7qCzmiQDlrTkFaDN7eLSlEfHycBxipRnQY9ppZM7QSsWAwUEGblw==",
        "dependencies": {
          "Pipelines.Sockets.Unofficial": "2.2.8"
        }
      },
      "BouncyCastle.Cryptography": {
        "type": "Transitive",
        "resolved": "2.6.2",
        "contentHash": "7oWOcvnntmMKNzDLsdxAYqApt+AjpRpP2CShjMfIa3umZ42UQMvH0tl1qAliYPNYO6vTdcGMqnRrCPmsfzTI1w=="
      },
      "Google.OrTools.runtime.linux-arm64": {
        "type": "Transitive",
        "resolved": "9.15.6755",
        "contentHash": "7YaKuI4q1uU9ibelXXawY7zx/5hQ1vMBKLFFK6kQRgO082wMlHx6NmfMaTFZA94b4D4xbFaA7TGAehoEbWciEg=="
      },
      "Google.OrTools.runtime.linux-x64": {
        "type": "Transitive",
        "resolved": "9.15.6755",
        "contentHash": "RupvZKKPXdUCWXdGFo8COXcp4YiQIjS5Bhlh9bVRWZqB1RjtVGQFscEwtN6wTZEjUjb49sE0lNo784W/LjQFHg=="
      },
      "Google.OrTools.runtime.osx-arm64": {
        "type": "Transitive",
        "resolved": "9.15.6755",
        "contentHash": "WJw1KPoOi3BWmf6sqCMi8kDmjifuA6Bw/UC6He7jnHRFIixtLZ1wCSIiG4droej7HQI1PiNVTRb82udw9ilS7g=="
      },
      "Google.OrTools.runtime.osx-x64": {
        "type": "Transitive",
        "resolved": "9.15.6755",
        "contentHash": "f0oTHbcoM2hBRyUVWvIR8cH2m5CibAZezK3mrPXNmoXKDjgoJhmheeovgajXu6/ax1RW7529m8yS6eHkmaZCOA=="
      },
      "Google.OrTools.runtime.win-x64": {
        "type": "Transitive",
        "resolved": "9.15.6755",
        "contentHash": "Tox7pDhrVIfG7OdV7ISikiO5coioZ0FgtyK/H8cayzito4r512Oly/yi19TXjuqK8pKHD6BJOR0fY0aEkb3Nuw=="
      },
      "Google.Protobuf": {
        "type": "Transitive",
        "resolved": "3.33.1",
        "contentHash": "RztiFmX9aOWDwfhxFzx/nS4fjs4DX7ZC7/XBEBl56k15lPGBftvbSwZkeo1mMCJHrNp1kK5iQYrFXB4MqCmBCA=="
      },
      "Microsoft.IdentityModel.Abstractions": {
        "type": "Transitive",
        "resolved": "8.0.1",
        "contentHash": "OtlIWcyX01olfdevPKZdIPfBEvbcioDyBiE/Z2lHsopsMD7twcKtlN9kMevHmI5IIPhFpfwCIiR6qHQz1WHUIw=="
      },
      "Microsoft.IdentityModel.JsonWebTokens": {
        "type": "Transitive",
        "resolved": "8.0.1",
        "contentHash": "s6++gF9x0rQApQzOBbSyp4jUaAlwm+DroKfL8gdOHxs83k8SJfUXhuc46rDB3rNXBQ1MVRxqKUrqFhO/M0E97g==",
        "dependencies": {
          "Microsoft.IdentityModel.Tokens": "8.0.1"
        }
      },
      "Microsoft.IdentityModel.Logging": {
        "type": "Transitive",
        "resolved": "8.0.1",
        "contentHash": "UCPF2exZqBXe7v/6sGNiM6zCQOUXXQ9+v5VTb9gPB8ZSUPnX53BxlN78v2jsbIvK9Dq4GovQxo23x8JgWvm/Qg==",
        "dependencies": {
          "Microsoft.IdentityModel.Abstractions": "8.0.1"
        }
      },
      "Microsoft.IdentityModel.Protocols": {
        "type": "Transitive",
        "resolved": "8.0.1",
        "contentHash": "uA2vpKqU3I2mBBEaeJAWPTjT9v1TZrGWKdgK6G5qJd03CLx83kdiqO9cmiK8/n1erkHzFBwU/RphP83aAe3i3g==",
        "dependencies": {
          "Microsoft.IdentityModel.Tokens": "8.0.1"
        }
      },
      "Microsoft.IdentityModel.Protocols.OpenIdConnect": {
        "type": "Transitive",
        "resolved": "8.0.1",
        "contentHash": "AQDbfpL+yzuuGhO/mQhKNsp44pm5Jv8/BI4KiFXR7beVGZoSH35zMV3PrmcfvSTsyI6qrcR898NzUauD6SRigg==",
        "dependencies": {
          "Microsoft.IdentityModel.Protocols": "8.0.1",
          "System.IdentityModel.Tokens.Jwt": "8.0.1"
        }
      },
      "Microsoft.IdentityModel.Tokens": {
        "type": "Transitive",
        "resolved": "8.0.1",
        "contentHash": "kDimB6Dkd3nkW2oZPDkMkVHfQt3IDqO5gL0oa8WVy3OP4uE8Ij+8TXnqg9TOd9ufjsY3IDiGz7pCUbnfL18tjg==",
        "dependencies": {
          "Microsoft.IdentityModel.Logging": "8.0.1"
        }
      },
      "MimeKit": {
        "type": "Transitive",
        "resolved": "4.16.0",
        "contentHash": "X0LFxeM4gPRIhODyY/HYS9b+zRZ7y//v59rFzgS6wLxcPuZThnMtNZHtrr0fjLyRRkg3gqJBtvW36XfUzZ7Djw==",
        "dependencies": {
          "BouncyCastle.Cryptography": "2.6.2",
          "System.Security.Cryptography.Pkcs": "10.0.0"
        }
      },
      "Pipelines.Sockets.Unofficial": {
        "type": "Transitive",
        "resolved": "2.2.8",
        "contentHash": "zG2FApP5zxSx6OcdJQLbZDk2AVlN2BNQD6MorwIfV6gVj0RRxWPEp2LXAxqDGZqeNV1Zp0BNPcNaey/GXmTdvQ=="
      },
      "System.IdentityModel.Tokens.Jwt": {
        "type": "Transitive",
        "resolved": "8.0.1",
        "contentHash": "GJw3bYkWpOgvN3tJo5X4lYUeIFA2HD293FPUhKmp7qxS+g5ywAb34Dnd3cDAFLkcMohy5XTpoaZ4uAHuw0uSPQ==",
        "dependencies": {
          "Microsoft.IdentityModel.JsonWebTokens": "8.0.1",
          "Microsoft.IdentityModel.Tokens": "8.0.1"
        }
      },
      "System.Security.Cryptography.Pkcs": {
        "type": "Transitive",
        "resolved": "10.0.0",
        "contentHash": "UPWqLSygJlFerRi9XNIuM0a1VC8gHUIufyP24xQ0sc+XimqUAEcjpOz9DhKpyDjH+5B/wO3RpC0KpkEeDj/ddg=="
      },
      "orkyo.shared": {
        "type": "Project"
      }
    }
  }
}